// !$*UTF8*$!
{
	archiveVersion = 1;
	classes = {
	};
	objectVersion = 46;
	objects = {

/* Begin PBXBuildFile section */
		E02301DB17C952820086E6B2 /* CoreData.framework in Frameworks */ = {isa = PBXBuildFile; fileRef = E02301DA17C952820086E6B2 /* CoreData.framework */; };
		E02301DD17C952820086E6B2 /* Foundation.framework in Frameworks */ = {isa = PBXBuildFile; fileRef = E02301DC17C952820086E6B2 /* Foundation.framework */; };
		E02301E017C952820086E6B2 /* main.m in Sources */ = {isa = PBXBuildFile; fileRef = E02301DF17C952820086E6B2 /* main.m */; };
		E02301E717C952820086E6B2 /* OSXData.1 in CopyFiles */ = {isa = PBXBuildFile; fileRef = E02301E617C952820086E6B2 /* OSXData.1 */; };
		E02301FD17C954A40086E6B2 /* AlcoholSubTypes.json in CopyFiles */ = {isa = PBXBuildFile; fileRef = E02301F917C9547F0086E6B2 /* AlcoholSubTypes.json */; };
		E024A4B719075968003A80DB /* Duck.xcdatamodeld in Sources */ = {isa = PBXBuildFile; fileRef = E024A4B519075968003A80DB /* Duck.xcdatamodeld */; };
		E0427673181359D7005E23F0 /* AlcoholTypes.json in CopyFiles */ = {isa = PBXBuildFile; fileRef = E02301FA17C9547F0086E6B2 /* AlcoholTypes.json */; };
		E0427674181359E0005E23F0 /* Bottles.json in CopyFiles */ = {isa = PBXBuildFile; fileRef = E02301FB17C9547F0086E6B2 /* Bottles.json */; };
		E09204DE19082DF6005E7421 /* AlcoholSubType.m in Sources */ = {isa = PBXBuildFile; fileRef = E09204D319082DF6005E7421 /* AlcoholSubType.m */; };
		E09204DF19082DF6005E7421 /* AlcoholSubType+Create.m in Sources */ = {isa = PBXBuildFile; fileRef = E09204D519082DF6005E7421 /* AlcoholSubType+Create.m */; };
		E09204E019082DF6005E7421 /* AlcoholType.m in Sources */ = {isa = PBXBuildFile; fileRef = E09204D719082DF6005E7421 /* AlcoholType.m */; };
		E09204E119082DF6005E7421 /* AlcoholType+Create.m in Sources */ = {isa = PBXBuildFile; fileRef = E09204D919082DF6005E7421 /* AlcoholType+Create.m */; };
		E09204E219082DF6005E7421 /* Bottle.m in Sources */ = {isa = PBXBuildFile; fileRef = E09204DB19082DF6005E7421 /* Bottle.m */; };
		E09204E319082DF6005E7421 /* Bottle+Create.m in Sources */ = {isa = PBXBuildFile; fileRef = E09204DD19082DF6005E7421 /* Bottle+Create.m */; };
		E09204E819082EC6005E7421 /* InventorySnapshotForBottle.m in Sources */ = {isa = PBXBuildFile; fileRef = E09204E519082EC6005E7421 /* InventorySnapshotForBottle.m */; };
		E09204E919082EC6005E7421 /* InventorySnapshotForBottle+Create.m in Sources */ = {isa = PBXBuildFile; fileRef = E09204E719082EC6005E7421 /* InventorySnapshotForBottle+Create.m */; };
		E09204EE19082EFE005E7421 /* OrderForBottle.m in Sources */ = {isa = PBXBuildFile; fileRef = E09204EB19082EFE005E7421 /* OrderForBottle.m */; };
		E09204EF19082EFE005E7421 /* OrderForBottle+Create.m in Sources */ = {isa = PBXBuildFile; fileRef = E09204ED19082EFE005E7421 /* OrderForBottle+Create.m */; };
		E09204F419082F1C005E7421 /* Order.m in Sources */ = {isa = PBXBuildFile; fileRef = E09204F119082F1C005E7421 /* Order.m */; };
		E09204F519082F1C005E7421 /* Order+Create.m in Sources */ = {isa = PBXBuildFile; fileRef = E09204F319082F1C005E7421 /* Order+Create.m */; };
		E09204FA19082F36005E7421 /* Vendor.m in Sources */ = {isa = PBXBuildFile; fileRef = E09204F719082F36005E7421 /* Vendor.m */; };
/* End PBXBuildFile section */

/* Begin PBXCopyFilesBuildPhase section */
		E02301D517C952820086E6B2 /* CopyFiles */ = {
			isa = PBXCopyFilesBuildPhase;
			buildActionMask = 2147483647;
			dstPath = /usr/share/man/man1/;
			dstSubfolderSpec = 0;
			files = (
				E02301E717C952820086E6B2 /* OSXData.1 in CopyFiles */,
			);
			runOnlyForDeploymentPostprocessing = 1;
		};
		E02301FC17C954940086E6B2 /* CopyFiles */ = {
			isa = PBXCopyFilesBuildPhase;
			buildActionMask = 2147483647;
			dstPath = "";
			dstSubfolderSpec = 16;
			files = (
				E0427674181359E0005E23F0 /* Bottles.json in CopyFiles */,
				E0427673181359D7005E23F0 /* AlcoholTypes.json in CopyFiles */,
				E02301FD17C954A40086E6B2 /* AlcoholSubTypes.json in CopyFiles */,
			);
			runOnlyForDeploymentPostprocessing = 0;
		};
/* End PBXCopyFilesBuildPhase section */

/* Begin PBXFileReference section */
		E02301D717C952820086E6B2 /* OSXData */ = {isa = PBXFileReference; explicitFileType = "compiled.mach-o.executable"; includeInIndex = 0; path = OSXData; sourceTree = BUILT_PRODUCTS_DIR; };
		E02301DA17C952820086E6B2 /* CoreData.framework */ = {isa = PBXFileReference; lastKnownFileType = wrapper.framework; name = CoreData.framework; path = System/Library/Frameworks/CoreData.framework; sourceTree = SDKROOT; };
		E02301DC17C952820086E6B2 /* Foundation.framework */ = {isa = PBXFileReference; lastKnownFileType = wrapper.framework; name = Foundation.framework; path = System/Library/Frameworks/Foundation.framework; sourceTree = SDKROOT; };
		E02301DF17C952820086E6B2 /* main.m */ = {isa = PBXFileReference; lastKnownFileType = sourcecode.c.objc; path = main.m; sourceTree = "<group>"; };
		E02301E217C952820086E6B2 /* OSXData-Prefix.pch */ = {isa = PBXFileReference; lastKnownFileType = sourcecode.c.h; path = "OSXData-Prefix.pch"; sourceTree = "<group>"; };
		E02301E617C952820086E6B2 /* OSXData.1 */ = {isa = PBXFileReference; lastKnownFileType = text.man; path = OSXData.1; sourceTree = "<group>"; };
		E02301F917C9547F0086E6B2 /* AlcoholSubTypes.json */ = {isa = PBXFileReference; fileEncoding = 4; lastKnownFileType = text.json; path = AlcoholSubTypes.json; sourceTree = "<group>"; };
		E02301FA17C9547F0086E6B2 /* AlcoholTypes.json */ = {isa = PBXFileReference; fileEncoding = 4; lastKnownFileType = text.json; path = AlcoholTypes.json; sourceTree = "<group>"; };
		E02301FB17C9547F0086E6B2 /* Bottles.json */ = {isa = PBXFileReference; fileEncoding = 4; lastKnownFileType = text.json; path = Bottles.json; sourceTree = "<group>"; };
		E024A4B619075968003A80DB /* Duck.xcdatamodel */ = {isa = PBXFileReference; lastKnownFileType = wrapper.xcdatamodel; path = Duck.xcdatamodel; sourceTree = "<group>"; };
		E09204D219082DF6005E7421 /* AlcoholSubType.h */ = {isa = PBXFileReference; fileEncoding = 4; lastKnownFileType = sourcecode.c.h; path = AlcoholSubType.h; sourceTree = "<group>"; };
		E09204D319082DF6005E7421 /* AlcoholSubType.m */ = {isa = PBXFileReference; fileEncoding = 4; lastKnownFileType = sourcecode.c.objc; path = AlcoholSubType.m; sourceTree = "<group>"; };
		E09204D419082DF6005E7421 /* AlcoholSubType+Create.h */ = {isa = PBXFileReference; fileEncoding = 4; lastKnownFileType = sourcecode.c.h; path = "AlcoholSubType+Create.h"; sourceTree = "<group>"; };
		E09204D519082DF6005E7421 /* AlcoholSubType+Create.m */ = {isa = PBXFileReference; fileEncoding = 4; lastKnownFileType = sourcecode.c.objc; path = "AlcoholSubType+Create.m"; sourceTree = "<group>"; };
		E09204D619082DF6005E7421 /* AlcoholType.h */ = {isa = PBXFileReference; fileEncoding = 4; lastKnownFileType = sourcecode.c.h; path = AlcoholType.h; sourceTree = "<group>"; };
		E09204D719082DF6005E7421 /* AlcoholType.m */ = {isa = PBXFileReference; fileEncoding = 4; lastKnownFileType = sourcecode.c.objc; path = AlcoholType.m; sourceTree = "<group>"; };
		E09204D819082DF6005E7421 /* AlcoholType+Create.h */ = {isa = PBXFileReference; fileEncoding = 4; lastKnownFileType = sourcecode.c.h; path = "AlcoholType+Create.h"; sourceTree = "<group>"; };
		E09204D919082DF6005E7421 /* AlcoholType+Create.m */ = {isa = PBXFileReference; fileEncoding = 4; lastKnownFileType = sourcecode.c.objc; path = "AlcoholType+Create.m"; sourceTree = "<group>"; };
		E09204DA19082DF6005E7421 /* Bottle.h */ = {isa = PBXFileReference; fileEncoding = 4; lastKnownFileType = sourcecode.c.h; path = Bottle.h; sourceTree = "<group>"; };
		E09204DB19082DF6005E7421 /* Bottle.m */ = {isa = PBXFileReference; fileEncoding = 4; lastKnownFileType = sourcecode.c.objc; path = Bottle.m; sourceTree = "<group>"; };
		E09204DC19082DF6005E7421 /* Bottle+Create.h */ = {isa = PBXFileReference; fileEncoding = 4; lastKnownFileType = sourcecode.c.h; path = "Bottle+Create.h"; sourceTree = "<group>"; };
		E09204DD19082DF6005E7421 /* Bottle+Create.m */ = {isa = PBXFileReference; fileEncoding = 4; lastKnownFileType = sourcecode.c.objc; path = "Bottle+Create.m"; sourceTree = "<group>"; };
		E09204E419082EC6005E7421 /* InventorySnapshotForBottle.h */ = {isa = PBXFileReference; fileEncoding = 4; lastKnownFileType = sourcecode.c.h; path = InventorySnapshotForBottle.h; sourceTree = "<group>"; };
		E09204E519082EC6005E7421 /* InventorySnapshotForBottle.m */ = {isa = PBXFileReference; fileEncoding = 4; lastKnownFileType = sourcecode.c.objc; path = InventorySnapshotForBottle.m; sourceTree = "<group>"; };
		E09204E619082EC6005E7421 /* InventorySnapshotForBottle+Create.h */ = {isa = PBXFileReference; fileEncoding = 4; lastKnownFileType = sourcecode.c.h; path = "InventorySnapshotForBottle+Create.h"; sourceTree = "<group>"; };
		E09204E719082EC6005E7421 /* InventorySnapshotForBottle+Create.m */ = {isa = PBXFileReference; fileEncoding = 4; lastKnownFileType = sourcecode.c.objc; path = "InventorySnapshotForBottle+Create.m"; sourceTree = "<group>"; };
		E09204EA19082EFE005E7421 /* OrderForBottle.h */ = {isa = PBXFileReference; fileEncoding = 4; lastKnownFileType = sourcecode.c.h; path = OrderForBottle.h; sourceTree = "<group>"; };
		E09204EB19082EFE005E7421 /* OrderForBottle.m */ = {isa = PBXFileReference; fileEncoding = 4; lastKnownFileType = sourcecode.c.objc; path = OrderForBottle.m; sourceTree = "<group>"; };
		E09204EC19082EFE005E7421 /* OrderForBottle+Create.h */ = {isa = PBXFileReference; fileEncoding = 4; lastKnownFileType = sourcecode.c.h; path = "OrderForBottle+Create.h"; sourceTree = "<group>"; };
		E09204ED19082EFE005E7421 /* OrderForBottle+Create.m */ = {isa = PBXFileReference; fileEncoding = 4; lastKnownFileType = sourcecode.c.objc; path = "OrderForBottle+Create.m"; sourceTree = "<group>"; };
		E09204F019082F1C005E7421 /* Order.h */ = {isa = PBXFileReference; fileEncoding = 4; lastKnownFileType = sourcecode.c.h; path = Order.h; sourceTree = "<group>"; };
		E09204F119082F1C005E7421 /* Order.m */ = {isa = PBXFileReference; fileEncoding = 4; lastKnownFileType = sourcecode.c.objc; path = Order.m; sourceTree = "<group>"; };
		E09204F219082F1C005E7421 /* Order+Create.h */ = {isa = PBXFileReference; fileEncoding = 4; lastKnownFileType = sourcecode.c.h; path = "Order+Create.h"; sourceTree = "<group>"; };
		E09204F319082F1C005E7421 /* Order+Create.m */ = {isa = PBXFileReference; fileEncoding = 4; lastKnownFileType = sourcecode.c.objc; path = "Order+Create.m"; sourceTree = "<group>"; };
		E09204F619082F36005E7421 /* Vendor.h */ = {isa = PBXFileReference; fileEncoding = 4; lastKnownFileType = sourcecode.c.h; path = Vendor.h; sourceTree = "<group>"; };
		E09204F719082F36005E7421 /* Vendor.m */ = {isa = PBXFileReference; fileEncoding = 4; lastKnownFileType = sourcecode.c.objc; path = Vendor.m; sourceTree = "<group>"; };
/* End PBXFileReference section */

/* Begin PBXFrameworksBuildPhase section */
		E02301D417C952820086E6B2 /* Frameworks */ = {
			isa = PBXFrameworksBuildPhase;
			buildActionMask = 2147483647;
			files = (
				E02301DB17C952820086E6B2 /* CoreData.framework in Frameworks */,
				E02301DD17C952820086E6B2 /* Foundation.framework in Frameworks */,
			);
			runOnlyForDeploymentPostprocessing = 0;
		};
/* End PBXFrameworksBuildPhase section */

/* Begin PBXGroup section */
		E02301CE17C952820086E6B2 = {
			isa = PBXGroup;
			children = (
				E02301DE17C952820086E6B2 /* OSXData */,
				E02301D917C952820086E6B2 /* Frameworks */,
				E02301D817C952820086E6B2 /* Products */,
			);
			sourceTree = "<group>";
		};
		E02301D817C952820086E6B2 /* Products */ = {
			isa = PBXGroup;
			children = (
				E02301D717C952820086E6B2 /* OSXData */,
			);
			name = Products;
			sourceTree = "<group>";
		};
		E02301D917C952820086E6B2 /* Frameworks */ = {
			isa = PBXGroup;
			children = (
				E02301DA17C952820086E6B2 /* CoreData.framework */,
				E02301DC17C952820086E6B2 /* Foundation.framework */,
			);
			name = Frameworks;
			sourceTree = "<group>";
		};
		E02301DE17C952820086E6B2 /* OSXData */ = {
			isa = PBXGroup;
			children = (
				E024A4B519075968003A80DB /* Duck.xcdatamodeld */,
				E02301DF17C952820086E6B2 /* main.m */,
				E09204D219082DF6005E7421 /* AlcoholSubType.h */,
				E09204D319082DF6005E7421 /* AlcoholSubType.m */,
				E09204D419082DF6005E7421 /* AlcoholSubType+Create.h */,
				E09204D519082DF6005E7421 /* AlcoholSubType+Create.m */,
				E09204D619082DF6005E7421 /* AlcoholType.h */,
				E09204D719082DF6005E7421 /* AlcoholType.m */,
				E09204D819082DF6005E7421 /* AlcoholType+Create.h */,
				E09204D919082DF6005E7421 /* AlcoholType+Create.m */,
				E09204DA19082DF6005E7421 /* Bottle.h */,
				E09204DB19082DF6005E7421 /* Bottle.m */,
				E09204DC19082DF6005E7421 /* Bottle+Create.h */,
				E09204DD19082DF6005E7421 /* Bottle+Create.m */,
				E09204E419082EC6005E7421 /* InventorySnapshotForBottle.h */,
				E09204E519082EC6005E7421 /* InventorySnapshotForBottle.m */,
				E09204E619082EC6005E7421 /* InventorySnapshotForBottle+Create.h */,
				E09204E719082EC6005E7421 /* InventorySnapshotForBottle+Create.m */,
				E09204EA19082EFE005E7421 /* OrderForBottle.h */,
				E09204EB19082EFE005E7421 /* OrderForBottle.m */,
				E09204EC19082EFE005E7421 /* OrderForBottle+Create.h */,
				E09204ED19082EFE005E7421 /* OrderForBottle+Create.m */,
				E09204F019082F1C005E7421 /* Order.h */,
				E09204F119082F1C005E7421 /* Order.m */,
				E09204F219082F1C005E7421 /* Order+Create.h */,
				E09204F319082F1C005E7421 /* Order+Create.m */,
				E09204F619082F36005E7421 /* Vendor.h */,
				E09204F719082F36005E7421 /* Vendor.m */,
				E02301F917C9547F0086E6B2 /* AlcoholSubTypes.json */,
				E02301FA17C9547F0086E6B2 /* AlcoholTypes.json */,
				E02301FB17C9547F0086E6B2 /* Bottles.json */,
				E02301E617C952820086E6B2 /* OSXData.1 */,
				E02301E117C952820086E6B2 /* Supporting Files */,
			);
			path = OSXData;
			sourceTree = "<group>";
		};
		E02301E117C952820086E6B2 /* Supporting Files */ = {
			isa = PBXGroup;
			children = (
				E02301E217C952820086E6B2 /* OSXData-Prefix.pch */,
			);
			name = "Supporting Files";
			sourceTree = "<group>";
		};
/* End PBXGroup section */

/* Begin PBXNativeTarget section */
		E02301D617C952820086E6B2 /* OSXData */ = {
			isa = PBXNativeTarget;
			buildConfigurationList = E02301EA17C952820086E6B2 /* Build configuration list for PBXNativeTarget "OSXData" */;
			buildPhases = (
				E02301D317C952820086E6B2 /* Sources */,
				E02301D417C952820086E6B2 /* Frameworks */,
				E02301D517C952820086E6B2 /* CopyFiles */,
				E02301FC17C954940086E6B2 /* CopyFiles */,
			);
			buildRules = (
			);
			dependencies = (
			);
			name = OSXData;
			productName = OSXData;
			productReference = E02301D717C952820086E6B2 /* OSXData */;
			productType = "com.apple.product-type.tool";
		};
/* End PBXNativeTarget section */

/* Begin PBXProject section */
		E02301CF17C952820086E6B2 /* Project object */ = {
			isa = PBXProject;
			attributes = {
				LastUpgradeCheck = 0510;
				ORGANIZATIONNAME = "Scott Antipa";
			};
			buildConfigurationList = E02301D217C952820086E6B2 /* Build configuration list for PBXProject "OSXData" */;
			compatibilityVersion = "Xcode 3.2";
			developmentRegion = English;
			hasScannedForEncodings = 0;
			knownRegions = (
				en,
			);
			mainGroup = E02301CE17C952820086E6B2;
			productRefGroup = E02301D817C952820086E6B2 /* Products */;
			projectDirPath = "";
			projectRoot = "";
			targets = (
				E02301D617C952820086E6B2 /* OSXData */,
			);
		};
/* End PBXProject section */

/* Begin PBXSourcesBuildPhase section */
		E02301D317C952820086E6B2 /* Sources */ = {
			isa = PBXSourcesBuildPhase;
			buildActionMask = 2147483647;
			files = (
				E09204DF19082DF6005E7421 /* AlcoholSubType+Create.m in Sources */,
				E02301E017C952820086E6B2 /* main.m in Sources */,
				E09204E919082EC6005E7421 /* InventorySnapshotForBottle+Create.m in Sources */,
				E09204E219082DF6005E7421 /* Bottle.m in Sources */,
				E09204DE19082DF6005E7421 /* AlcoholSubType.m in Sources */,
				E024A4B719075968003A80DB /* Duck.xcdatamodeld in Sources */,
				E09204EF19082EFE005E7421 /* OrderForBottle+Create.m in Sources */,
				E09204E319082DF6005E7421 /* Bottle+Create.m in Sources */,
				E09204F419082F1C005E7421 /* Order.m in Sources */,
				E09204E119082DF6005E7421 /* AlcoholType+Create.m in Sources */,
				E09204EE19082EFE005E7421 /* OrderForBottle.m in Sources */,
				E09204E819082EC6005E7421 /* InventorySnapshotForBottle.m in Sources */,
				E09204F519082F1C005E7421 /* Order+Create.m in Sources */,
				E09204E019082DF6005E7421 /* AlcoholType.m in Sources */,
				E09204FA19082F36005E7421 /* Vendor.m in Sources */,
			);
			runOnlyForDeploymentPostprocessing = 0;
		};
/* End PBXSourcesBuildPhase section */

/* Begin XCBuildConfiguration section */
		E02301E817C952820086E6B2 /* Debug */ = {
			isa = XCBuildConfiguration;
			buildSettings = {
				ALWAYS_SEARCH_USER_PATHS = NO;
				CLANG_CXX_LANGUAGE_STANDARD = "gnu++0x";
				CLANG_CXX_LIBRARY = "libc++";
				CLANG_ENABLE_OBJC_ARC = YES;
				CLANG_WARN_CONSTANT_CONVERSION = YES;
				CLANG_WARN_EMPTY_BODY = YES;
				CLANG_WARN_ENUM_CONVERSION = YES;
				CLANG_WARN_INT_CONVERSION = YES;
				CLANG_WARN__DUPLICATE_METHOD_MATCH = YES;
				COPY_PHASE_STRIP = NO;
				GCC_C_LANGUAGE_STANDARD = gnu99;
				GCC_DYNAMIC_NO_PIC = NO;
				GCC_ENABLE_OBJC_EXCEPTIONS = YES;
				GCC_OPTIMIZATION_LEVEL = 0;
				GCC_PREPROCESSOR_DEFINITIONS = (
					"DEBUG=1",
					"$(inherited)",
				);
				GCC_SYMBOLS_PRIVATE_EXTERN = NO;
				GCC_WARN_64_TO_32_BIT_CONVERSION = YES;
				GCC_WARN_ABOUT_RETURN_TYPE = YES;
				GCC_WARN_UNINITIALIZED_AUTOS = YES;
				GCC_WARN_UNUSED_VARIABLE = YES;
				MACOSX_DEPLOYMENT_TARGET = 10.8;
				ONLY_ACTIVE_ARCH = YES;
				SDKROOT = macosx;
			};
			name = Debug;
		};
		E02301E917C952820086E6B2 /* Release */ = {
			isa = XCBuildConfiguration;
			buildSettings = {
				ALWAYS_SEARCH_USER_PATHS = NO;
				CLANG_CXX_LANGUAGE_STANDARD = "gnu++0x";
				CLANG_CXX_LIBRARY = "libc++";
				CLANG_ENABLE_OBJC_ARC = YES;
				CLANG_WARN_CONSTANT_CONVERSION = YES;
				CLANG_WARN_EMPTY_BODY = YES;
				CLANG_WARN_ENUM_CONVERSION = YES;
				CLANG_WARN_INT_CONVERSION = YES;
				CLANG_WARN__DUPLICATE_METHOD_MATCH = YES;
				COPY_PHASE_STRIP = YES;
				DEBUG_INFORMATION_FORMAT = "dwarf-with-dsym";
				GCC_C_LANGUAGE_STANDARD = gnu99;
				GCC_ENABLE_OBJC_EXCEPTIONS = YES;
				GCC_WARN_64_TO_32_BIT_CONVERSION = YES;
				GCC_WARN_ABOUT_RETURN_TYPE = YES;
				GCC_WARN_UNINITIALIZED_AUTOS = YES;
				GCC_WARN_UNUSED_VARIABLE = YES;
				MACOSX_DEPLOYMENT_TARGET = 10.8;
				SDKROOT = macosx;
			};
			name = Release;
		};
		E02301EB17C952820086E6B2 /* Debug */ = {
			isa = XCBuildConfiguration;
			buildSettings = {
				GCC_PRECOMPILE_PREFIX_HEADER = YES;
				GCC_PREFIX_HEADER = "OSXData/OSXData-Prefix.pch";
				PRODUCT_NAME = "$(TARGET_NAME)";
			};
			name = Debug;
		};
		E02301EC17C952820086E6B2 /* Release */ = {
			isa = XCBuildConfiguration;
			buildSettings = {
				GCC_PRECOMPILE_PREFIX_HEADER = YES;
				GCC_PREFIX_HEADER = "OSXData/OSXData-Prefix.pch";
				PRODUCT_NAME = "$(TARGET_NAME)";
			};
			name = Release;
		};
/* End XCBuildConfiguration section */

/* Begin XCConfigurationList section */
		E02301D217C952820086E6B2 /* Build configuration list for PBXProject "OSXData" */ = {
			isa = XCConfigurationList;
			buildConfigurations = (
				E02301E817C952820086E6B2 /* Debug */,
				E02301E917C952820086E6B2 /* Release */,
			);
			defaultConfigurationIsVisible = 0;
			defaultConfigurationName = Release;
		};
		E02301EA17C952820086E6B2 /* Build configuration list for PBXNativeTarget "OSXData" */ = {
			isa = XCConfigurationList;
			buildConfigurations = (
				E02301EB17C952820086E6B2 /* Debug */,
				E02301EC17C952820086E6B2 /* Release */,
			);
			defaultConfigurationIsVisible = 0;
			defaultConfigurationName = Release;
		};
/* End XCConfigurationList section */

/* Begin XCVersionGroup section */
		E024A4B519075968003A80DB /* Duck.xcdatamodeld */ = {
			isa = XCVersionGroup;
			children = (
				E024A4B619075968003A80DB /* Duck.xcdatamodel */,
			);
			currentVersion = E024A4B619075968003A80DB /* Duck.xcdatamodel */;
			path = Duck.xcdatamodeld;
			sourceTree = "<group>";
			versionGroupType = wrapper.xcdatamodel;
		};
/* End XCVersionGroup section */
	};
	rootObject = E02301CF17C952820086E6B2 /* Project object */;
}
